// !$*UTF8*$!
{
	archiveVersion = 1;
	classes = {
	};
	objectVersion = 55;
	objects = {

/* Begin PBXBuildFile section */
		8ED42764292E91BC00C3A92D /* Cupcake_Corner_AppApp.swift in Sources */ = {isa = PBXBuildFile; fileRef = 8ED42763292E91BC00C3A92D /* Cupcake_Corner_AppApp.swift */; };
		8ED42766292E91BC00C3A92D /* ContentView.swift in Sources */ = {isa = PBXBuildFile; fileRef = 8ED42765292E91BC00C3A92D /* ContentView.swift */; };
		8ED42768292E91C100C3A92D /* Assets.xcassets in Resources */ = {isa = PBXBuildFile; fileRef = 8ED42767292E91C100C3A92D /* Assets.xcassets */; };
		8ED4276B292E91C100C3A92D /* Preview Assets.xcassets in Resources */ = {isa = PBXBuildFile; fileRef = 8ED4276A292E91C100C3A92D /* Preview Assets.xcassets */; };
		8ED42775292E91C100C3A92D /* Cupcake_Corner_AppTests.swift in Sources */ = {isa = PBXBuildFile; fileRef = 8ED42774292E91C100C3A92D /* Cupcake_Corner_AppTests.swift */; };
		8ED4277F292E91C100C3A92D /* Cupcake_Corner_AppUITests.swift in Sources */ = {isa = PBXBuildFile; fileRef = 8ED4277E292E91C100C3A92D /* Cupcake_Corner_AppUITests.swift */; };
		8ED42781292E91C100C3A92D /* Cupcake_Corner_AppUITestsLaunchTests.swift in Sources */ = {isa = PBXBuildFile; fileRef = 8ED42780292E91C100C3A92D /* Cupcake_Corner_AppUITestsLaunchTests.swift */; };
		8ED4278E292E927000C3A92D /* Order.swift in Sources */ = {isa = PBXBuildFile; fileRef = 8ED4278D292E927000C3A92D /* Order.swift */; };
		8ED42792292E956200C3A92D /* CheckOutView.swift in Sources */ = {isa = PBXBuildFile; fileRef = 8ED42791292E956200C3A92D /* CheckOutView.swift */; };
		8ED42794292E95A400C3A92D /* AddressView.swift in Sources */ = {isa = PBXBuildFile; fileRef = 8ED42793292E95A400C3A92D /* AddressView.swift */; };
/* End PBXBuildFile section */

/* Begin PBXContainerItemProxy section */
		8ED42771292E91C100C3A92D /* PBXContainerItemProxy */ = {
			isa = PBXContainerItemProxy;
			containerPortal = 8ED42758292E91BC00C3A92D /* Project object */;
			proxyType = 1;
			remoteGlobalIDString = 8ED4275F292E91BC00C3A92D;
			remoteInfo = "Cupcake Corner_App";
		};
		8ED4277B292E91C100C3A92D /* PBXContainerItemProxy */ = {
			isa = PBXContainerItemProxy;
			containerPortal = 8ED42758292E91BC00C3A92D /* Project object */;
			proxyType = 1;
			remoteGlobalIDString = 8ED4275F292E91BC00C3A92D;
			remoteInfo = "Cupcake Corner_App";
		};
/* End PBXContainerItemProxy section */

/* Begin PBXFileReference section */
		8ED42760292E91BC00C3A92D /* Cupcake Corner_App.app */ = {isa = PBXFileReference; explicitFileType = wrapper.application; includeInIndex = 0; path = "Cupcake Corner_App.app"; sourceTree = BUILT_PRODUCTS_DIR; };
		8ED42763292E91BC00C3A92D /* Cupcake_Corner_AppApp.swift */ = {isa = PBXFileReference; lastKnownFileType = sourcecode.swift; path = Cupcake_Corner_AppApp.swift; sourceTree = "<group>"; };
		8ED42765292E91BC00C3A92D /* ContentView.swift */ = {isa = PBXFileReference; lastKnownFileType = sourcecode.swift; path = ContentView.swift; sourceTree = "<group>"; };
		8ED42767292E91C100C3A92D /* Assets.xcassets */ = {isa = PBXFileReference; lastKnownFileType = folder.assetcatalog; path = Assets.xcassets; sourceTree = "<group>"; };
		8ED4276A292E91C100C3A92D /* Preview Assets.xcassets */ = {isa = PBXFileReference; lastKnownFileType = folder.assetcatalog; path = "Preview Assets.xcassets"; sourceTree = "<group>"; };
		8ED42770292E91C100C3A92D /* Cupcake Corner_AppTests.xctest */ = {isa = PBXFileReference; explicitFileType = wrapper.cfbundle; includeInIndex = 0; path = "Cupcake Corner_AppTests.xctest"; sourceTree = BUILT_PRODUCTS_DIR; };
		8ED42774292E91C100C3A92D /* Cupcake_Corner_AppTests.swift */ = {isa = PBXFileReference; lastKnownFileType = sourcecode.swift; path = Cupcake_Corner_AppTests.swift; sourceTree = "<group>"; };
		8ED4277A292E91C100C3A92D /* Cupcake Corner_AppUITests.xctest */ = {isa = PBXFileReference; explicitFileType = wrapper.cfbundle; includeInIndex = 0; path = "Cupcake Corner_AppUITests.xctest"; sourceTree = BUILT_PRODUCTS_DIR; };
		8ED4277E292E91C100C3A92D /* Cupcake_Corner_AppUITests.swift */ = {isa = PBXFileReference; lastKnownFileType = sourcecode.swift; path = Cupcake_Corner_AppUITests.swift; sourceTree = "<group>"; };
		8ED42780292E91C100C3A92D /* Cupcake_Corner_AppUITestsLaunchTests.swift */ = {isa = PBXFileReference; lastKnownFileType = sourcecode.swift; path = Cupcake_Corner_AppUITestsLaunchTests.swift; sourceTree = "<group>"; };
		8ED4278D292E927000C3A92D /* Order.swift */ = {isa = PBXFileReference; lastKnownFileType = sourcecode.swift; path = Order.swift; sourceTree = "<group>"; };
		8ED42791292E956200C3A92D /* CheckOutView.swift */ = {isa = PBXFileReference; lastKnownFileType = sourcecode.swift; path = CheckOutView.swift; sourceTree = "<group>"; };
		8ED42793292E95A400C3A92D /* AddressView.swift */ = {isa = PBXFileReference; lastKnownFileType = sourcecode.swift; path = AddressView.swift; sourceTree = "<group>"; };
/* End PBXFileReference section */

/* Begin PBXFrameworksBuildPhase section */
		8ED4275D292E91BC00C3A92D /* Frameworks */ = {
			isa = PBXFrameworksBuildPhase;
			buildActionMask = 2147483647;
			files = (
			);
			runOnlyForDeploymentPostprocessing = 0;
		};
		8ED4276D292E91C100C3A92D /* Frameworks */ = {
			isa = PBXFrameworksBuildPhase;
			buildActionMask = 2147483647;
			files = (
			);
			runOnlyForDeploymentPostprocessing = 0;
		};
		8ED42777292E91C100C3A92D /* Frameworks */ = {
			isa = PBXFrameworksBuildPhase;
			buildActionMask = 2147483647;
			files = (
			);
			runOnlyForDeploymentPostprocessing = 0;
		};
/* End PBXFrameworksBuildPhase section */

/* Begin PBXGroup section */
		8ED42757292E91BC00C3A92D = {
			isa = PBXGroup;
			children = (
				8ED42762292E91BC00C3A92D /* Cupcake Corner_App */,
				8ED42773292E91C100C3A92D /* Cupcake Corner_AppTests */,
				8ED4277D292E91C100C3A92D /* Cupcake Corner_AppUITests */,
				8ED42761292E91BC00C3A92D /* Products */,
			);
			sourceTree = "<group>";
		};
		8ED42761292E91BC00C3A92D /* Products */ = {
			isa = PBXGroup;
			children = (
				8ED42760292E91BC00C3A92D /* Cupcake Corner_App.app */,
				8ED42770292E91C100C3A92D /* Cupcake Corner_AppTests.xctest */,
				8ED4277A292E91C100C3A92D /* Cupcake Corner_AppUITests.xctest */,
			);
			name = Products;
			sourceTree = "<group>";
		};
		8ED42762292E91BC00C3A92D /* Cupcake Corner_App */ = {
			isa = PBXGroup;
			children = (
				8ED42763292E91BC00C3A92D /* Cupcake_Corner_AppApp.swift */,
				8ED42765292E91BC00C3A92D /* ContentView.swift */,
				8ED42793292E95A400C3A92D /* AddressView.swift */,
				8ED42791292E956200C3A92D /* CheckOutView.swift */,
				8ED4278D292E927000C3A92D /* Order.swift */,
				8ED42767292E91C100C3A92D /* Assets.xcassets */,
				8ED42769292E91C100C3A92D /* Preview Content */,
			);
			path = "Cupcake Corner_App";
			sourceTree = "<group>";
		};
		8ED42769292E91C100C3A92D /* Preview Content */ = {
			isa = PBXGroup;
			children = (
				8ED4276A292E91C100C3A92D /* Preview Assets.xcassets */,
			);
			path = "Preview Content";
			sourceTree = "<group>";
		};
		8ED42773292E91C100C3A92D /* Cupcake Corner_AppTests */ = {
			isa = PBXGroup;
			children = (
				8ED42774292E91C100C3A92D /* Cupcake_Corner_AppTests.swift */,
			);
			path = "Cupcake Corner_AppTests";
			sourceTree = "<group>";
		};
		8ED4277D292E91C100C3A92D /* Cupcake Corner_AppUITests */ = {
			isa = PBXGroup;
			children = (
				8ED4277E292E91C100C3A92D /* Cupcake_Corner_AppUITests.swift */,
				8ED42780292E91C100C3A92D /* Cupcake_Corner_AppUITestsLaunchTests.swift */,
			);
			path = "Cupcake Corner_AppUITests";
			sourceTree = "<group>";
		};
/* End PBXGroup section */

/* Begin PBXNativeTarget section */
		8ED4275F292E91BC00C3A92D /* Cupcake Corner_App */ = {
			isa = PBXNativeTarget;
			buildConfigurationList = 8ED42784292E91C100C3A92D /* Build configuration list for PBXNativeTarget "Cupcake Corner_App" */;
			buildPhases = (
				8ED4275C292E91BC00C3A92D /* Sources */,
				8ED4275D292E91BC00C3A92D /* Frameworks */,
				8ED4275E292E91BC00C3A92D /* Resources */,
			);
			buildRules = (
			);
			dependencies = (
			);
			name = "Cupcake Corner_App";
			productName = "Cupcake Corner_App";
			productReference = 8ED42760292E91BC00C3A92D /* Cupcake Corner_App.app */;
			productType = "com.apple.product-type.application";
		};
		8ED4276F292E91C100C3A92D /* Cupcake Corner_AppTests */ = {
			isa = PBXNativeTarget;
			buildConfigurationList = 8ED42787292E91C100C3A92D /* Build configuration list for PBXNativeTarget "Cupcake Corner_AppTests" */;
			buildPhases = (
				8ED4276C292E91C100C3A92D /* Sources */,
				8ED4276D292E91C100C3A92D /* Frameworks */,
				8ED4276E292E91C100C3A92D /* Resources */,
			);
			buildRules = (
			);
			dependencies = (
				8ED42772292E91C100C3A92D /* PBXTargetDependency */,
			);
			name = "Cupcake Corner_AppTests";
			productName = "Cupcake Corner_AppTests";
			productReference = 8ED42770292E91C100C3A92D /* Cupcake Corner_AppTests.xctest */;
			productType = "com.apple.product-type.bundle.unit-test";
		};
		8ED42779292E91C100C3A92D /* Cupcake Corner_AppUITests */ = {
			isa = PBXNativeTarget;
			buildConfigurationList = 8ED4278A292E91C100C3A92D /* Build configuration list for PBXNativeTarget "Cupcake Corner_AppUITests" */;
			buildPhases = (
				8ED42776292E91C100C3A92D /* Sources */,
				8ED42777292E91C100C3A92D /* Frameworks */,
				8ED42778292E91C100C3A92D /* Resources */,
			);
			buildRules = (
			);
			dependencies = (
				8ED4277C292E91C100C3A92D /* PBXTargetDependency */,
			);
			name = "Cupcake Corner_AppUITests";
			productName = "Cupcake Corner_AppUITests";
			productReference = 8ED4277A292E91C100C3A92D /* Cupcake Corner_AppUITests.xctest */;
			productType = "com.apple.product-type.bundle.ui-testing";
		};
/* End PBXNativeTarget section */

/* Begin PBXProject section */
		8ED42758292E91BC00C3A92D /* Project object */ = {
			isa = PBXProject;
			attributes = {
				BuildIndependentTargetsInParallel = 1;
				LastSwiftUpdateCheck = 1340;
				LastUpgradeCheck = 1340;
				TargetAttributes = {
					8ED4275F292E91BC00C3A92D = {
						CreatedOnToolsVersion = 13.4.1;
					};
					8ED4276F292E91C100C3A92D = {
						CreatedOnToolsVersion = 13.4.1;
						TestTargetID = 8ED4275F292E91BC00C3A92D;
					};
					8ED42779292E91C100C3A92D = {
						CreatedOnToolsVersion = 13.4.1;
						TestTargetID = 8ED4275F292E91BC00C3A92D;
					};
				};
			};
			buildConfigurationList = 8ED4275B292E91BC00C3A92D /* Build configuration list for PBXProject "Cupcake Corner_App" */;
			compatibilityVersion = "Xcode 13.0";
			developmentRegion = en;
			hasScannedForEncodings = 0;
			knownRegions = (
				en,
				Base,
			);
			mainGroup = 8ED42757292E91BC00C3A92D;
			productRefGroup = 8ED42761292E91BC00C3A92D /* Products */;
			projectDirPath = "";
			projectRoot = "";
			targets = (
				8ED4275F292E91BC00C3A92D /* Cupcake Corner_App */,
				8ED4276F292E91C100C3A92D /* Cupcake Corner_AppTests */,
				8ED42779292E91C100C3A92D /* Cupcake Corner_AppUITests */,
			);
		};
/* End PBXProject section */

/* Begin PBXResourcesBuildPhase section */
		8ED4275E292E91BC00C3A92D /* Resources */ = {
			isa = PBXResourcesBuildPhase;
			buildActionMask = 2147483647;
			files = (
				8ED4276B292E91C100C3A92D /* Preview Assets.xcassets in Resources */,
				8ED42768292E91C100C3A92D /* Assets.xcassets in Resources */,
			);
			runOnlyForDeploymentPostprocessing = 0;
		};
		8ED4276E292E91C100C3A92D /* Resources */ = {
			isa = PBXResourcesBuildPhase;
			buildActionMask = 2147483647;
			files = (
			);
			runOnlyForDeploymentPostprocessing = 0;
		};
		8ED42778292E91C100C3A92D /* Resources */ = {
			isa = PBXResourcesBuildPhase;
			buildActionMask = 2147483647;
			files = (
			);
			runOnlyForDeploymentPostprocessing = 0;
		};
/* End PBXResourcesBuildPhase section */

/* Begin PBXSourcesBuildPhase section */
		8ED4275C292E91BC00C3A92D /* Sources */ = {
			isa = PBXSourcesBuildPhase;
			buildActionMask = 2147483647;
			files = (
				8ED4278E292E927000C3A92D /* Order.swift in Sources */,
				8ED42792292E956200C3A92D /* CheckOutView.swift in Sources */,
				8ED42766292E91BC00C3A92D /* ContentView.swift in Sources */,
				8ED42764292E91BC00C3A92D /* Cupcake_Corner_AppApp.swift in Sources */,
				8ED42794292E95A400C3A92D /* AddressView.swift in Sources */,
			);
			runOnlyForDeploymentPostprocessing = 0;
		};
		8ED4276C292E91C100C3A92D /* Sources */ = {
			isa = PBXSourcesBuildPhase;
			buildActionMask = 2147483647;
			files = (
				8ED42775292E91C100C3A92D /* Cupcake_Corner_AppTests.swift in Sources */,
			);
			runOnlyForDeploymentPostprocessing = 0;
		};
		8ED42776292E91C100C3A92D /* Sources */ = {
			isa = PBXSourcesBuildPhase;
			buildActionMask = 2147483647;
			files = (
				8ED42781292E91C100C3A92D /* Cupcake_Corner_AppUITestsLaunchTests.swift in Sources */,
				8ED4277F292E91C100C3A92D /* Cupcake_Corner_AppUITests.swift in Sources */,
			);
			runOnlyForDeploymentPostprocessing = 0;
		};
/* End PBXSourcesBuildPhase section */

/* Begin PBXTargetDependency section */
		8ED42772292E91C100C3A92D /* PBXTargetDependency */ = {
			isa = PBXTargetDependency;
			target = 8ED4275F292E91BC00C3A92D /* Cupcake Corner_App */;
			targetProxy = 8ED42771292E91C100C3A92D /* PBXContainerItemProxy */;
		};
		8ED4277C292E91C100C3A92D /* PBXTargetDependency */ = {
			isa = PBXTargetDependency;
			target = 8ED4275F292E91BC00C3A92D /* Cupcake Corner_App */;
			targetProxy = 8ED4277B292E91C100C3A92D /* PBXContainerItemProxy */;
		};
/* End PBXTargetDependency section */

/* Begin XCBuildConfiguration section */
		8ED42782292E91C100C3A92D /* Debug */ = {
			isa = XCBuildConfiguration;
			buildSettings = {
				ALWAYS_SEARCH_USER_PATHS = NO;
				CLANG_ANALYZER_NONNULL = YES;
				CLANG_ANALYZER_NUMBER_OBJECT_CONVERSION = YES_AGGRESSIVE;
				CLANG_CXX_LANGUAGE_STANDARD = "gnu++17";
				CLANG_ENABLE_MODULES = YES;
				CLANG_ENABLE_OBJC_ARC = YES;
				CLANG_ENABLE_OBJC_WEAK = YES;
				CLANG_WARN_BLOCK_CAPTURE_AUTORELEASING = YES;
				CLANG_WARN_BOOL_CONVERSION = YES;
				CLANG_WARN_COMMA = YES;
				CLANG_WARN_CONSTANT_CONVERSION = YES;
				CLANG_WARN_DEPRECATED_OBJC_IMPLEMENTATIONS = YES;
				CLANG_WARN_DIRECT_OBJC_ISA_USAGE = YES_ERROR;
				CLANG_WARN_DOCUMENTATION_COMMENTS = YES;
				CLANG_WARN_EMPTY_BODY = YES;
				CLANG_WARN_ENUM_CONVERSION = YES;
				CLANG_WARN_INFINITE_RECURSION = YES;
				CLANG_WARN_INT_CONVERSION = YES;
				CLANG_WARN_NON_LITERAL_NULL_CONVERSION = YES;
				CLANG_WARN_OBJC_IMPLICIT_RETAIN_SELF = YES;
				CLANG_WARN_OBJC_LITERAL_CONVERSION = YES;
				CLANG_WARN_OBJC_ROOT_CLASS = YES_ERROR;
				CLANG_WARN_QUOTED_INCLUDE_IN_FRAMEWORK_HEADER = YES;
				CLANG_WARN_RANGE_LOOP_ANALYSIS = YES;
				CLANG_WARN_STRICT_PROTOTYPES = YES;
				CLANG_WARN_SUSPICIOUS_MOVE = YES;
				CLANG_WARN_UNGUARDED_AVAILABILITY = YES_AGGRESSIVE;
				CLANG_WARN_UNREACHABLE_CODE = YES;
				CLANG_WARN__DUPLICATE_METHOD_MATCH = YES;
				COPY_PHASE_STRIP = NO;
				DEBUG_INFORMATION_FORMAT = dwarf;
				ENABLE_STRICT_OBJC_MSGSEND = YES;
				ENABLE_TESTABILITY = YES;
				GCC_C_LANGUAGE_STANDARD = gnu11;
				GCC_DYNAMIC_NO_PIC = NO;
				GCC_NO_COMMON_BLOCKS = YES;
				GCC_OPTIMIZATION_LEVEL = 0;
				GCC_PREPROCESSOR_DEFINITIONS = (
					"DEBUG=1",
					"$(inherited)",
				);
				GCC_WARN_64_TO_32_BIT_CONVERSION = YES;
				GCC_WARN_ABOUT_RETURN_TYPE = YES_ERROR;
				GCC_WARN_UNDECLARED_SELECTOR = YES;
				GCC_WARN_UNINITIALIZED_AUTOS = YES_AGGRESSIVE;
				GCC_WARN_UNUSED_FUNCTION = YES;
				GCC_WARN_UNUSED_VARIABLE = YES;
				IPHONEOS_DEPLOYMENT_TARGET = 15.5;
				MTL_ENABLE_DEBUG_INFO = INCLUDE_SOURCE;
				MTL_FAST_MATH = YES;
				ONLY_ACTIVE_ARCH = YES;
				SDKROOT = iphoneos;
				SWIFT_ACTIVE_COMPILATION_CONDITIONS = DEBUG;
				SWIFT_OPTIMIZATION_LEVEL = "-Onone";
			};
			name = Debug;
		};
		8ED42783292E91C100C3A92D /* Release */ = {
			isa = XCBuildConfiguration;
			buildSettings = {
				ALWAYS_SEARCH_USER_PATHS = NO;
				CLANG_ANALYZER_NONNULL = YES;
				CLANG_ANALYZER_NUMBER_OBJECT_CONVERSION = YES_AGGRESSIVE;
				CLANG_CXX_LANGUAGE_STANDARD = "gnu++17";
				CLANG_ENABLE_MODULES = YES;
				CLANG_ENABLE_OBJC_ARC = YES;
				CLANG_ENABLE_OBJC_WEAK = YES;
				CLANG_WARN_BLOCK_CAPTURE_AUTORELEASING = YES;
				CLANG_WARN_BOOL_CONVERSION = YES;
				CLANG_WARN_COMMA = YES;
				CLANG_WARN_CONSTANT_CONVERSION = YES;
				CLANG_WARN_DEPRECATED_OBJC_IMPLEMENTATIONS = YES;
				CLANG_WARN_DIRECT_OBJC_ISA_USAGE = YES_ERROR;
				CLANG_WARN_DOCUMENTATION_COMMENTS = YES;
				CLANG_WARN_EMPTY_BODY = YES;
				CLANG_WARN_ENUM_CONVERSION = YES;
				CLANG_WARN_INFINITE_RECURSION = YES;
				CLANG_WARN_INT_CONVERSION = YES;
				CLANG_WARN_NON_LITERAL_NULL_CONVERSION = YES;
				CLANG_WARN_OBJC_IMPLICIT_RETAIN_SELF = YES;
				CLANG_WARN_OBJC_LITERAL_CONVERSION = YES;
				CLANG_WARN_OBJC_ROOT_CLASS = YES_ERROR;
				CLANG_WARN_QUOTED_INCLUDE_IN_FRAMEWORK_HEADER = YES;
				CLANG_WARN_RANGE_LOOP_ANALYSIS = YES;
				CLANG_WARN_STRICT_PROTOTYPES = YES;
				CLANG_WARN_SUSPICIOUS_MOVE = YES;
				CLANG_WARN_UNGUARDED_AVAILABILITY = YES_AGGRESSIVE;
				CLANG_WARN_UNREACHABLE_CODE = YES;
				CLANG_WARN__DUPLICATE_METHOD_MATCH = YES;
				COPY_PHASE_STRIP = NO;
				DEBUG_INFORMATION_FORMAT = "dwarf-with-dsym";
				ENABLE_NS_ASSERTIONS = NO;
				ENABLE_STRICT_OBJC_MSGSEND = YES;
				GCC_C_LANGUAGE_STANDARD = gnu11;
				GCC_NO_COMMON_BLOCKS = YES;
				GCC_WARN_64_TO_32_BIT_CONVERSION = YES;
				GCC_WARN_ABOUT_RETURN_TYPE = YES_ERROR;
				GCC_WARN_UNDECLARED_SELECTOR = YES;
				GCC_WARN_UNINITIALIZED_AUTOS = YES_AGGRESSIVE;
				GCC_WARN_UNUSED_FUNCTION = YES;
				GCC_WARN_UNUSED_VARIABLE = YES;
				IPHONEOS_DEPLOYMENT_TARGET = 15.5;
				MTL_ENABLE_DEBUG_INFO = NO;
				MTL_FAST_MATH = YES;
				SDKROOT = iphoneos;
				SWIFT_COMPILATION_MODE = wholemodule;
				SWIFT_OPTIMIZATION_LEVEL = "-O";
				VALIDATE_PRODUCT = YES;
			};
			name = Release;
		};
		8ED42785292E91C100C3A92D /* Debug */ = {
			isa = XCBuildConfiguration;
			buildSettings = {
				ASSETCATALOG_COMPILER_APPICON_NAME = AppIcon;
				ASSETCATALOG_COMPILER_GLOBAL_ACCENT_COLOR_NAME = AccentColor;
				CODE_SIGN_STYLE = Automatic;
				CURRENT_PROJECT_VERSION = 1;
				DEVELOPMENT_ASSET_PATHS = "\"Cupcake Corner_App/Preview Content\"";
				DEVELOPMENT_TEAM = C493VDTW7S;
				ENABLE_PREVIEWS = YES;
				GENERATE_INFOPLIST_FILE = YES;
				INFOPLIST_KEY_UIApplicationSceneManifest_Generation = YES;
				INFOPLIST_KEY_UIApplicationSupportsIndirectInputEvents = YES;
				INFOPLIST_KEY_UILaunchScreen_Generation = YES;
				INFOPLIST_KEY_UISupportedInterfaceOrientations_iPad = "UIInterfaceOrientationPortrait UIInterfaceOrientationPortraitUpsideDown UIInterfaceOrientationLandscapeLeft UIInterfaceOrientationLandscapeRight";
				INFOPLIST_KEY_UISupportedInterfaceOrientations_iPhone = "UIInterfaceOrientationPortrait UIInterfaceOrientationLandscapeLeft UIInterfaceOrientationLandscapeRight";
				LD_RUNPATH_SEARCH_PATHS = (
					"$(inherited)",
					"@executable_path/Frameworks",
				);
				MARKETING_VERSION = 1.0;
				PRODUCT_BUNDLE_IDENTIFIER = "calmdays.Cupcake-Corner-App";
				PRODUCT_NAME = "$(TARGET_NAME)";
				SWIFT_EMIT_LOC_STRINGS = YES;
				SWIFT_VERSION = 5.0;
				TARGETED_DEVICE_FAMILY = "1,2";
			};
			name = Debug;
		};
		8ED42786292E91C100C3A92D /* Release */ = {
			isa = XCBuildConfiguration;
			buildSettings = {
				ASSETCATALOG_COMPILER_APPICON_NAME = AppIcon;
				ASSETCATALOG_COMPILER_GLOBAL_ACCENT_COLOR_NAME = AccentColor;
				CODE_SIGN_STYLE = Automatic;
				CURRENT_PROJECT_VERSION = 1;
				DEVELOPMENT_ASSET_PATHS = "\"Cupcake Corner_App/Preview Content\"";
				DEVELOPMENT_TEAM = C493VDTW7S;
				ENABLE_PREVIEWS = YES;
				GENERATE_INFOPLIST_FILE = YES;
				INFOPLIST_KEY_UIApplicationSceneManifest_Generation = YES;
				INFOPLIST_KEY_UIApplicationSupportsIndirectInputEvents = YES;
				INFOPLIST_KEY_UILaunchScreen_Generation = YES;
				INFOPLIST_KEY_UISupportedInterfaceOrientations_iPad = "UIInterfaceOrientationPortrait UIInterfaceOrientationPortraitUpsideDown UIInterfaceOrientationLandscapeLeft UIInterfaceOrientationLandscapeRight";
				INFOPLIST_KEY_UISupportedInterfaceOrientations_iPhone = "UIInterfaceOrientationPortrait UIInterfaceOrientationLandscapeLeft UIInterfaceOrientationLandscapeRight";
				LD_RUNPATH_SEARCH_PATHS = (
					"$(inherited)",
					"@executable_path/Frameworks",
				);
				MARKETING_VERSION = 1.0;
				PRODUCT_BUNDLE_IDENTIFIER = "calmdays.Cupcake-Corner-App";
				PRODUCT_NAME = "$(TARGET_NAME)";
				SWIFT_EMIT_LOC_STRINGS = YES;
				SWIFT_VERSION = 5.0;
				TARGETED_DEVICE_FAMILY = "1,2";
			};
			name = Release;
		};
		8ED42788292E91C100C3A92D /* Debug */ = {
			isa = XCBuildConfiguration;
			buildSettings = {
				ALWAYS_EMBED_SWIFT_STANDARD_LIBRARIES = YES;
				BUNDLE_LOADER = "$(TEST_HOST)";
				CODE_SIGN_STYLE = Automatic;
				CURRENT_PROJECT_VERSION = 1;
				DEVELOPMENT_TEAM = C493VDTW7S;
				GENERATE_INFOPLIST_FILE = YES;
				IPHONEOS_DEPLOYMENT_TARGET = 15.5;
				MARKETING_VERSION = 1.0;
				PRODUCT_BUNDLE_IDENTIFIER = "calmdays.Cupcake-Corner-AppTests";
				PRODUCT_NAME = "$(TARGET_NAME)";
				SWIFT_EMIT_LOC_STRINGS = NO;
				SWIFT_VERSION = 5.0;
				TARGETED_DEVICE_FAMILY = "1,2";
				TEST_HOST = "$(BUILT_PRODUCTS_DIR)/Cupcake Corner_App.app/Cupcake Corner_App";
			};
			name = Debug;
		};
		8ED42789292E91C100C3A92D /* Release */ = {
			isa = XCBuildConfiguration;
			buildSettings = {
				ALWAYS_EMBED_SWIFT_STANDARD_LIBRARIES = YES;
				BUNDLE_LOADER = "$(TEST_HOST)";
				CODE_SIGN_STYLE = Automatic;
				CURRENT_PROJECT_VERSION = 1;
				DEVELOPMENT_TEAM = C493VDTW7S;
				GENERATE_INFOPLIST_FILE = YES;
				IPHONEOS_DEPLOYMENT_TARGET = 15.5;
				MARKETING_VERSION = 1.0;
				PRODUCT_BUNDLE_IDENTIFIER = "calmdays.Cupcake-Corner-AppTests";
				PRODUCT_NAME = "$(TARGET_NAME)";
				SWIFT_EMIT_LOC_STRINGS = NO;
				SWIFT_VERSION = 5.0;
				TARGETED_DEVICE_FAMILY = "1,2";
				TEST_HOST = "$(BUILT_PRODUCTS_DIR)/Cupcake Corner_App.app/Cupcake Corner_App";
			};
			name = Release;
		};
		8ED4278B292E91C100C3A92D /* Debug */ = {
			isa = XCBuildConfiguration;
			buildSettings = {
				ALWAYS_EMBED_SWIFT_STANDARD_LIBRARIES = YES;
				CODE_SIGN_STYLE = Automatic;
				CURRENT_PROJECT_VERSION = 1;
				DEVELOPMENT_TEAM = C493VDTW7S;
				GENERATE_INFOPLIST_FILE = YES;
				MARKETING_VERSION = 1.0;
				PRODUCT_BUNDLE_IDENTIFIER = "calmdays.Cupcake-Corner-AppUITests";
				PRODUCT_NAME = "$(TARGET_NAME)";
				SWIFT_EMIT_LOC_STRINGS = NO;
				SWIFT_VERSION = 5.0;
				TARGETED_DEVICE_FAMILY = "1,2";
				TEST_TARGET_NAME = "Cupcake Corner_App";
			};
			name = Debug;
		};
		8ED4278C292E91C100C3A92D /* Release */ = {
			isa = XCBuildConfiguration;
			buildSettings = {
				ALWAYS_EMBED_SWIFT_STANDARD_LIBRARIES = YES;
				CODE_SIGN_STYLE = Automatic;
				CURRENT_PROJECT_VERSION = 1;
				DEVELOPMENT_TEAM = C493VDTW7S;
				GENERATE_INFOPLIST_FILE = YES;
				MARKETING_VERSION = 1.0;
				PRODUCT_BUNDLE_IDENTIFIER = "calmdays.Cupcake-Corner-AppUITests";
				PRODUCT_NAME = "$(TARGET_NAME)";
				SWIFT_EMIT_LOC_STRINGS = NO;
				SWIFT_VERSION = 5.0;
				TARGETED_DEVICE_FAMILY = "1,2";
				TEST_TARGET_NAME = "Cupcake Corner_App";
			};
			name = Release;
		};
/* End XCBuildConfiguration section */

/* Begin XCConfigurationList section */
		8ED4275B292E91BC00C3A92D /* Build configuration list for PBXProject "Cupcake Corner_App" */ = {
			isa = XCConfigurationList;
			buildConfigurations = (
				8ED42782292E91C100C3A92D /* Debug */,
				8ED42783292E91C100C3A92D /* Release */,
			);
			defaultConfigurationIsVisible = 0;
			defaultConfigurationName = Release;
		};
		8ED42784292E91C100C3A92D /* Build configuration list for PBXNativeTarget "Cupcake Corner_App" */ = {
			isa = XCConfigurationList;
			buildConfigurations = (
				8ED42785292E91C100C3A92D /* Debug */,
				8ED42786292E91C100C3A92D /* Release */,
			);
			defaultConfigurationIsVisible = 0;
			defaultConfigurationName = Release;
		};
		8ED42787292E91C100C3A92D /* Build configuration list for PBXNativeTarget "Cupcake Corner_AppTests" */ = {
			isa = XCConfigurationList;
			buildConfigurations = (
				8ED42788292E91C100C3A92D /* Debug */,
				8ED42789292E91C100C3A92D /* Release */,
			);
			defaultConfigurationIsVisible = 0;
			defaultConfigurationName = Release;
		};
		8ED4278A292E91C100C3A92D /* Build configuration list for PBXNativeTarget "Cupcake Corner_AppUITests" */ = {
			isa = XCConfigurationList;
			buildConfigurations = (
				8ED4278B292E91C100C3A92D /* Debug */,
				8ED4278C292E91C100C3A92D /* Release */,
			);
			defaultConfigurationIsVisible = 0;
			defaultConfigurationName = Release;
		};
/* End XCConfigurationList section */
	};
	rootObject = 8ED42758292E91BC00C3A92D /* Project object */;
}
